
Microsoft Visual Studio Solution File, Format Version 12.00
# Visual Studio Version 17
VisualStudioVersion = 17.6.33723.286
MinimumVisualStudioVersion = 10.0.40219.1
Project("{FAE04EC0-301F-11D3-BF4B-00C04F79EFBC}") = "GMAIL", "GMAIL\GMAIL.csproj", "{9133CE3D-11B9-43A9-AA85-663F0B3D2503}"
EndProject
Global
	GlobalSection(SolutionConfigurationPlatforms) = preSolution
		Debug|Any CPU = Debug|Any CPU
		Release|Any CPU = Release|Any CPU
	EndGlobalSection
	GlobalSection(ProjectConfigurationPlatforms) = postSolution
		{9133CE3D-11B9-43A9-AA85-663F0B3D2503}.Debug|Any CPU.ActiveCfg = Debug|Any CPU
		{9133CE3D-11B9-43A9-AA85-663F0B3D2503}.Debug|Any CPU.Build.0 = Debug|Any CPU
		{9133CE3D-11B9-43A9-AA85-663F0B3D2503}.Release|Any CPU.ActiveCfg = Release|Any CPU
		{9133CE3D-11B9-43A9-AA85-663F0B3D2503}.Release|Any CPU.Build.0 = Release|Any CPU
	EndGlobalSection
	GlobalSection(SolutionProperties) = preSolution
		HideSolutionNode = FALSE
	EndGlobalSection
	GlobalSection(ExtensibilityGlobals) = postSolution
		SolutionGuid = {90C8FBDD-3B11-4F61-8AE7-769D33AC0202}
	EndGlobalSection
EndGlobal
